
Microsoft Visual Studio Solution File, Format Version 12.00
# Visual Studio Version 16
VisualStudioVersion = 16.0.30011.22
MinimumVisualStudioVersion = 10.0.40219.1
Project("{FAE04EC0-301F-11D3-BF4B-00C04F79EFBC}") = "tryingClass", "tryingClass\tryingClass.csproj", "{32049011-0642-4198-8CB7-5821E2B56866}"
EndProject
Global
	GlobalSection(SolutionConfigurationPlatforms) = preSolution
		Debug|Any CPU = Debug|Any CPU
		Release|Any CPU = Release|Any CPU
	EndGlobalSection
	GlobalSection(ProjectConfigurationPlatforms) = postSolution
		{32049011-0642-4198-8CB7-5821E2B56866}.Debug|Any CPU.ActiveCfg = Debug|Any CPU
		{32049011-0642-4198-8CB7-5821E2B56866}.Debug|Any CPU.Build.0 = Debug|Any CPU
		{32049011-0642-4198-8CB7-5821E2B56866}.Release|Any CPU.ActiveCfg = Release|Any CPU
		{32049011-0642-4198-8CB7-5821E2B56866}.Release|Any CPU.Build.0 = Release|Any CPU
	EndGlobalSection
	GlobalSection(SolutionProperties) = preSolution
		HideSolutionNode = FALSE
	EndGlobalSection
	GlobalSection(ExtensibilityGlobals) = postSolution
		SolutionGuid = {3FC598FD-CEB0-4BED-BA43-A9094D2868B7}
	EndGlobalSection
EndGlobal
